// !$*UTF8*$!
{
	archiveVersion = 1;
	classes = {
	};
	objectVersion = 50;
	objects = {

/* Begin PBXBuildFile section */
		6544294C26A34C570050361E /* PortfolioView.swift in Sources */ = {isa = PBXBuildFile; fileRef = 6544294B26A34C570050361E /* PortfolioView.swift */; };
		657E8C1226A33FA500176A17 /* AppModel.swift in Sources */ = {isa = PBXBuildFile; fileRef = 657E8C1126A33FA500176A17 /* AppModel.swift */; };
		657E8C1726A3408A00176A17 /* AppData.swift in Sources */ = {isa = PBXBuildFile; fileRef = 657E8C1626A3408A00176A17 /* AppData.swift */; };
		657E8C1926A343A300176A17 /* CardView.swift in Sources */ = {isa = PBXBuildFile; fileRef = 657E8C1826A343A300176A17 /* CardView.swift */; };
		65835052269CB7FD000ACF7A /* AustinNormanPortfolioApp.swift in Sources */ = {isa = PBXBuildFile; fileRef = 65835051269CB7FD000ACF7A /* AustinNormanPortfolioApp.swift */; };
		65835054269CB7FD000ACF7A /* ContentView.swift in Sources */ = {isa = PBXBuildFile; fileRef = 65835053269CB7FD000ACF7A /* ContentView.swift */; };
		65835056269CB7FF000ACF7A /* Assets.xcassets in Resources */ = {isa = PBXBuildFile; fileRef = 65835055269CB7FF000ACF7A /* Assets.xcassets */; };
		65835059269CB7FF000ACF7A /* Preview Assets.xcassets in Resources */ = {isa = PBXBuildFile; fileRef = 65835058269CB7FF000ACF7A /* Preview Assets.xcassets */; };
		65835062269CBB1E000ACF7A /* Montserrat-Medium.ttf in Resources */ = {isa = PBXBuildFile; fileRef = 65835061269CBB1E000ACF7A /* Montserrat-Medium.ttf */; };
		65835064269CBBAE000ACF7A /* Montserrat-Bold.ttf in Resources */ = {isa = PBXBuildFile; fileRef = 65835063269CBBAE000ACF7A /* Montserrat-Bold.ttf */; };
		65835067269CC52E000ACF7A /* InfoView.swift in Sources */ = {isa = PBXBuildFile; fileRef = 65835066269CC52E000ACF7A /* InfoView.swift */; };
/* End PBXBuildFile section */

/* Begin PBXFileReference section */
		6544294B26A34C570050361E /* PortfolioView.swift */ = {isa = PBXFileReference; lastKnownFileType = sourcecode.swift; path = PortfolioView.swift; sourceTree = "<group>"; };
		657E8C1126A33FA500176A17 /* AppModel.swift */ = {isa = PBXFileReference; lastKnownFileType = sourcecode.swift; path = AppModel.swift; sourceTree = "<group>"; };
		657E8C1626A3408A00176A17 /* AppData.swift */ = {isa = PBXFileReference; lastKnownFileType = sourcecode.swift; path = AppData.swift; sourceTree = "<group>"; };
		657E8C1826A343A300176A17 /* CardView.swift */ = {isa = PBXFileReference; lastKnownFileType = sourcecode.swift; path = CardView.swift; sourceTree = "<group>"; };
		6583504E269CB7FD000ACF7A /* AustinNormanPortfolio.app */ = {isa = PBXFileReference; explicitFileType = wrapper.application; includeInIndex = 0; path = AustinNormanPortfolio.app; sourceTree = BUILT_PRODUCTS_DIR; };
		65835051269CB7FD000ACF7A /* AustinNormanPortfolioApp.swift */ = {isa = PBXFileReference; lastKnownFileType = sourcecode.swift; path = AustinNormanPortfolioApp.swift; sourceTree = "<group>"; };
		65835053269CB7FD000ACF7A /* ContentView.swift */ = {isa = PBXFileReference; lastKnownFileType = sourcecode.swift; path = ContentView.swift; sourceTree = "<group>"; };
		65835055269CB7FF000ACF7A /* Assets.xcassets */ = {isa = PBXFileReference; lastKnownFileType = folder.assetcatalog; path = Assets.xcassets; sourceTree = "<group>"; };
		65835058269CB7FF000ACF7A /* Preview Assets.xcassets */ = {isa = PBXFileReference; lastKnownFileType = folder.assetcatalog; path = "Preview Assets.xcassets"; sourceTree = "<group>"; };
		6583505A269CB7FF000ACF7A /* Info.plist */ = {isa = PBXFileReference; lastKnownFileType = text.plist.xml; path = Info.plist; sourceTree = "<group>"; };
		65835061269CBB1E000ACF7A /* Montserrat-Medium.ttf */ = {isa = PBXFileReference; lastKnownFileType = file; name = "Montserrat-Medium.ttf"; path = "../../../../Fonts/Montserrat/Montserrat-Medium.ttf"; sourceTree = "<group>"; };
		65835063269CBBAE000ACF7A /* Montserrat-Bold.ttf */ = {isa = PBXFileReference; lastKnownFileType = file; name = "Montserrat-Bold.ttf"; path = "../../../../Fonts/Montserrat/Montserrat-Bold.ttf"; sourceTree = "<group>"; };
		65835066269CC52E000ACF7A /* InfoView.swift */ = {isa = PBXFileReference; lastKnownFileType = sourcecode.swift; path = InfoView.swift; sourceTree = "<group>"; };
/* End PBXFileReference section */

/* Begin PBXFrameworksBuildPhase section */
		6583504B269CB7FD000ACF7A /* Frameworks */ = {
			isa = PBXFrameworksBuildPhase;
			buildActionMask = 2147483647;
			files = (
			);
			runOnlyForDeploymentPostprocessing = 0;
		};
/* End PBXFrameworksBuildPhase section */

/* Begin PBXGroup section */
		657E8C1026A33F9700176A17 /* Model */ = {
			isa = PBXGroup;
			children = (
				657E8C1126A33FA500176A17 /* AppModel.swift */,
			);
			path = Model;
			sourceTree = "<group>";
		};
		657E8C1526A3407E00176A17 /* Data */ = {
			isa = PBXGroup;
			children = (
				657E8C1626A3408A00176A17 /* AppData.swift */,
			);
			path = Data;
			sourceTree = "<group>";
		};
		65835045269CB7FD000ACF7A = {
			isa = PBXGroup;
			children = (
				65835050269CB7FD000ACF7A /* AustinNormanPortfolio */,
				6583504F269CB7FD000ACF7A /* Products */,
			);
			sourceTree = "<group>";
		};
		6583504F269CB7FD000ACF7A /* Products */ = {
			isa = PBXGroup;
			children = (
				6583504E269CB7FD000ACF7A /* AustinNormanPortfolio.app */,
			);
			name = Products;
			sourceTree = "<group>";
		};
		65835050269CB7FD000ACF7A /* AustinNormanPortfolio */ = {
			isa = PBXGroup;
			children = (
				657E8C1526A3407E00176A17 /* Data */,
				657E8C1026A33F9700176A17 /* Model */,
				65835065269CC51D000ACF7A /* Views */,
				65835060269CBAC9000ACF7A /* Fonts */,
				65835051269CB7FD000ACF7A /* AustinNormanPortfolioApp.swift */,
				65835055269CB7FF000ACF7A /* Assets.xcassets */,
				6583505A269CB7FF000ACF7A /* Info.plist */,
				65835057269CB7FF000ACF7A /* Preview Content */,
			);
			path = AustinNormanPortfolio;
			sourceTree = "<group>";
		};
		65835057269CB7FF000ACF7A /* Preview Content */ = {
			isa = PBXGroup;
			children = (
				65835058269CB7FF000ACF7A /* Preview Assets.xcassets */,
			);
			path = "Preview Content";
			sourceTree = "<group>";
		};
		65835060269CBAC9000ACF7A /* Fonts */ = {
			isa = PBXGroup;
			children = (
				65835063269CBBAE000ACF7A /* Montserrat-Bold.ttf */,
				65835061269CBB1E000ACF7A /* Montserrat-Medium.ttf */,
			);
			path = Fonts;
			sourceTree = "<group>";
		};
		65835065269CC51D000ACF7A /* Views */ = {
			isa = PBXGroup;
			children = (
				65835053269CB7FD000ACF7A /* ContentView.swift */,
				65835066269CC52E000ACF7A /* InfoView.swift */,
				657E8C1826A343A300176A17 /* CardView.swift */,
				6544294B26A34C570050361E /* PortfolioView.swift */,
			);
			path = Views;
			sourceTree = "<group>";
		};
/* End PBXGroup section */

/* Begin PBXNativeTarget section */
		6583504D269CB7FD000ACF7A /* AustinNormanPortfolio */ = {
			isa = PBXNativeTarget;
			buildConfigurationList = 6583505D269CB7FF000ACF7A /* Build configuration list for PBXNativeTarget "AustinNormanPortfolio" */;
			buildPhases = (
				6583504A269CB7FD000ACF7A /* Sources */,
				6583504B269CB7FD000ACF7A /* Frameworks */,
				6583504C269CB7FD000ACF7A /* Resources */,
			);
			buildRules = (
			);
			dependencies = (
			);
			name = AustinNormanPortfolio;
			productName = AustinNormanPortfolio;
			productReference = 6583504E269CB7FD000ACF7A /* AustinNormanPortfolio.app */;
			productType = "com.apple.product-type.application";
		};
/* End PBXNativeTarget section */

/* Begin PBXProject section */
		65835046269CB7FD000ACF7A /* Project object */ = {
			isa = PBXProject;
			attributes = {
				LastSwiftUpdateCheck = 1250;
				LastUpgradeCheck = 1250;
				TargetAttributes = {
					6583504D269CB7FD000ACF7A = {
						CreatedOnToolsVersion = 12.5.1;
					};
				};
			};
			buildConfigurationList = 65835049269CB7FD000ACF7A /* Build configuration list for PBXProject "AustinNormanPortfolio" */;
			compatibilityVersion = "Xcode 9.3";
			developmentRegion = en;
			hasScannedForEncodings = 0;
			knownRegions = (
				en,
				Base,
			);
			mainGroup = 65835045269CB7FD000ACF7A;
			productRefGroup = 6583504F269CB7FD000ACF7A /* Products */;
			projectDirPath = "";
			projectRoot = "";
			targets = (
				6583504D269CB7FD000ACF7A /* AustinNormanPortfolio */,
			);
		};
/* End PBXProject section */

/* Begin PBXResourcesBuildPhase section */
		6583504C269CB7FD000ACF7A /* Resources */ = {
			isa = PBXResourcesBuildPhase;
			buildActionMask = 2147483647;
			files = (
				65835064269CBBAE000ACF7A /* Montserrat-Bold.ttf in Resources */,
				65835059269CB7FF000ACF7A /* Preview Assets.xcassets in Resources */,
				65835062269CBB1E000ACF7A /* Montserrat-Medium.ttf in Resources */,
				65835056269CB7FF000ACF7A /* Assets.xcassets in Resources */,
			);
			runOnlyForDeploymentPostprocessing = 0;
		};
/* End PBXResourcesBuildPhase section */

/* Begin PBXSourcesBuildPhase section */
		6583504A269CB7FD000ACF7A /* Sources */ = {
			isa = PBXSourcesBuildPhase;
			buildActionMask = 2147483647;
			files = (
				657E8C1926A343A300176A17 /* CardView.swift in Sources */,
				65835054269CB7FD000ACF7A /* ContentView.swift in Sources */,
				6544294C26A34C570050361E /* PortfolioView.swift in Sources */,
				65835067269CC52E000ACF7A /* InfoView.swift in Sources */,
				65835052269CB7FD000ACF7A /* AustinNormanPortfolioApp.swift in Sources */,
				657E8C1226A33FA500176A17 /* AppModel.swift in Sources */,
				657E8C1726A3408A00176A17 /* AppData.swift in Sources */,
			);
			runOnlyForDeploymentPostprocessing = 0;
		};
/* End PBXSourcesBuildPhase section */

/* Begin XCBuildConfiguration section */
		6583505B269CB7FF000ACF7A /* Debug */ = {
			isa = XCBuildConfiguration;
			buildSettings = {
				ALWAYS_SEARCH_USER_PATHS = NO;
				CLANG_ANALYZER_NONNULL = YES;
				CLANG_ANALYZER_NUMBER_OBJECT_CONVERSION = YES_AGGRESSIVE;
				CLANG_CXX_LANGUAGE_STANDARD = "gnu++14";
				CLANG_CXX_LIBRARY = "libc++";
				CLANG_ENABLE_MODULES = YES;
				CLANG_ENABLE_OBJC_ARC = YES;
				CLANG_ENABLE_OBJC_WEAK = YES;
				CLANG_WARN_BLOCK_CAPTURE_AUTORELEASING = YES;
				CLANG_WARN_BOOL_CONVERSION = YES;
				CLANG_WARN_COMMA = YES;
				CLANG_WARN_CONSTANT_CONVERSION = YES;
				CLANG_WARN_DEPRECATED_OBJC_IMPLEMENTATIONS = YES;
				CLANG_WARN_DIRECT_OBJC_ISA_USAGE = YES_ERROR;
				CLANG_WARN_DOCUMENTATION_COMMENTS = YES;
				CLANG_WARN_EMPTY_BODY = YES;
				CLANG_WARN_ENUM_CONVERSION = YES;
				CLANG_WARN_INFINITE_RECURSION = YES;
				CLANG_WARN_INT_CONVERSION = YES;
				CLANG_WARN_NON_LITERAL_NULL_CONVERSION = YES;
				CLANG_WARN_OBJC_IMPLICIT_RETAIN_SELF = YES;
				CLANG_WARN_OBJC_LITERAL_CONVERSION = YES;
				CLANG_WARN_OBJC_ROOT_CLASS = YES_ERROR;
				CLANG_WARN_QUOTED_INCLUDE_IN_FRAMEWORK_HEADER = YES;
				CLANG_WARN_RANGE_LOOP_ANALYSIS = YES;
				CLANG_WARN_STRICT_PROTOTYPES = YES;
				CLANG_WARN_SUSPICIOUS_MOVE = YES;
				CLANG_WARN_UNGUARDED_AVAILABILITY = YES_AGGRESSIVE;
				CLANG_WARN_UNREACHABLE_CODE = YES;
				CLANG_WARN__DUPLICATE_METHOD_MATCH = YES;
				COPY_PHASE_STRIP = NO;
				DEBUG_INFORMATION_FORMAT = dwarf;
				ENABLE_STRICT_OBJC_MSGSEND = YES;
				ENABLE_TESTABILITY = YES;
				GCC_C_LANGUAGE_STANDARD = gnu11;
				GCC_DYNAMIC_NO_PIC = NO;
				GCC_NO_COMMON_BLOCKS = YES;
				GCC_OPTIMIZATION_LEVEL = 0;
				GCC_PREPROCESSOR_DEFINITIONS = (
					"DEBUG=1",
					"$(inherited)",
				);
				GCC_WARN_64_TO_32_BIT_CONVERSION = YES;
				GCC_WARN_ABOUT_RETURN_TYPE = YES_ERROR;
				GCC_WARN_UNDECLARED_SELECTOR = YES;
				GCC_WARN_UNINITIALIZED_AUTOS = YES_AGGRESSIVE;
				GCC_WARN_UNUSED_FUNCTION = YES;
				GCC_WARN_UNUSED_VARIABLE = YES;
				IPHONEOS_DEPLOYMENT_TARGET = 14.5;
				MTL_ENABLE_DEBUG_INFO = INCLUDE_SOURCE;
				MTL_FAST_MATH = YES;
				ONLY_ACTIVE_ARCH = YES;
				SDKROOT = iphoneos;
				SWIFT_ACTIVE_COMPILATION_CONDITIONS = DEBUG;
				SWIFT_OPTIMIZATION_LEVEL = "-Onone";
			};
			name = Debug;
		};
		6583505C269CB7FF000ACF7A /* Release */ = {
			isa = XCBuildConfiguration;
			buildSettings = {
				ALWAYS_SEARCH_USER_PATHS = NO;
				CLANG_ANALYZER_NONNULL = YES;
				CLANG_ANALYZER_NUMBER_OBJECT_CONVERSION = YES_AGGRESSIVE;
				CLANG_CXX_LANGUAGE_STANDARD = "gnu++14";
				CLANG_CXX_LIBRARY = "libc++";
				CLANG_ENABLE_MODULES = YES;
				CLANG_ENABLE_OBJC_ARC = YES;
				CLANG_ENABLE_OBJC_WEAK = YES;
				CLANG_WARN_BLOCK_CAPTURE_AUTORELEASING = YES;
				CLANG_WARN_BOOL_CONVERSION = YES;
				CLANG_WARN_COMMA = YES;
				CLANG_WARN_CONSTANT_CONVERSION = YES;
				CLANG_WARN_DEPRECATED_OBJC_IMPLEMENTATIONS = YES;
				CLANG_WARN_DIRECT_OBJC_ISA_USAGE = YES_ERROR;
				CLANG_WARN_DOCUMENTATION_COMMENTS = YES;
				CLANG_WARN_EMPTY_BODY = YES;
				CLANG_WARN_ENUM_CONVERSION = YES;
				CLANG_WARN_INFINITE_RECURSION = YES;
				CLANG_WARN_INT_CONVERSION = YES;
				CLANG_WARN_NON_LITERAL_NULL_CONVERSION = YES;
				CLANG_WARN_OBJC_IMPLICIT_RETAIN_SELF = YES;
				CLANG_WARN_OBJC_LITERAL_CONVERSION = YES;
				CLANG_WARN_OBJC_ROOT_CLASS = YES_ERROR;
				CLANG_WARN_QUOTED_INCLUDE_IN_FRAMEWORK_HEADER = YES;
				CLANG_WARN_RANGE_LOOP_ANALYSIS = YES;
				CLANG_WARN_STRICT_PROTOTYPES = YES;
				CLANG_WARN_SUSPICIOUS_MOVE = YES;
				CLANG_WARN_UNGUARDED_AVAILABILITY = YES_AGGRESSIVE;
				CLANG_WARN_UNREACHABLE_CODE = YES;
				CLANG_WARN__DUPLICATE_METHOD_MATCH = YES;
				COPY_PHASE_STRIP = NO;
				DEBUG_INFORMATION_FORMAT = "dwarf-with-dsym";
				ENABLE_NS_ASSERTIONS = NO;
				ENABLE_STRICT_OBJC_MSGSEND = YES;
				GCC_C_LANGUAGE_STANDARD = gnu11;
				GCC_NO_COMMON_BLOCKS = YES;
				GCC_WARN_64_TO_32_BIT_CONVERSION = YES;
				GCC_WARN_ABOUT_RETURN_TYPE = YES_ERROR;
				GCC_WARN_UNDECLARED_SELECTOR = YES;
				GCC_WARN_UNINITIALIZED_AUTOS = YES_AGGRESSIVE;
				GCC_WARN_UNUSED_FUNCTION = YES;
				GCC_WARN_UNUSED_VARIABLE = YES;
				IPHONEOS_DEPLOYMENT_TARGET = 14.5;
				MTL_ENABLE_DEBUG_INFO = NO;
				MTL_FAST_MATH = YES;
				SDKROOT = iphoneos;
				SWIFT_COMPILATION_MODE = wholemodule;
				SWIFT_OPTIMIZATION_LEVEL = "-O";
				VALIDATE_PRODUCT = YES;
			};
			name = Release;
		};
		6583505E269CB7FF000ACF7A /* Debug */ = {
			isa = XCBuildConfiguration;
			buildSettings = {
				ASSETCATALOG_COMPILER_APPICON_NAME = AppIcon;
				ASSETCATALOG_COMPILER_GLOBAL_ACCENT_COLOR_NAME = AccentColor;
				CODE_SIGN_STYLE = Automatic;
				DEVELOPMENT_ASSET_PATHS = "\"AustinNormanPortfolio/Preview Content\"";
				DEVELOPMENT_TEAM = X7AJCH46B9;
				ENABLE_PREVIEWS = YES;
				INFOPLIST_FILE = AustinNormanPortfolio/Info.plist;
				IPHONEOS_DEPLOYMENT_TARGET = 14.0;
				LD_RUNPATH_SEARCH_PATHS = (
					"$(inherited)",
					"@executable_path/Frameworks",
				);
				PRODUCT_BUNDLE_IDENTIFIER = com.Teemo.AustinNormanPortfolio;
				PRODUCT_NAME = "$(TARGET_NAME)";
				SWIFT_VERSION = 5.0;
				TARGETED_DEVICE_FAMILY = "1,2";
			};
			name = Debug;
		};
		6583505F269CB7FF000ACF7A /* Release */ = {
			isa = XCBuildConfiguration;
			buildSettings = {
				ASSETCATALOG_COMPILER_APPICON_NAME = AppIcon;
				ASSETCATALOG_COMPILER_GLOBAL_ACCENT_COLOR_NAME = AccentColor;
				CODE_SIGN_STYLE = Automatic;
				DEVELOPMENT_ASSET_PATHS = "\"AustinNormanPortfolio/Preview Content\"";
				DEVELOPMENT_TEAM = X7AJCH46B9;
				ENABLE_PREVIEWS = YES;
				INFOPLIST_FILE = AustinNormanPortfolio/Info.plist;
				IPHONEOS_DEPLOYMENT_TARGET = 14.0;
				LD_RUNPATH_SEARCH_PATHS = (
					"$(inherited)",
					"@executable_path/Frameworks",
				);
				PRODUCT_BUNDLE_IDENTIFIER = com.Teemo.AustinNormanPortfolio;
				PRODUCT_NAME = "$(TARGET_NAME)";
				SWIFT_VERSION = 5.0;
				TARGETED_DEVICE_FAMILY = "1,2";
			};
			name = Release;
		};
/* End XCBuildConfiguration section */

/* Begin XCConfigurationList section */
		65835049269CB7FD000ACF7A /* Build configuration list for PBXProject "AustinNormanPortfolio" */ = {
			isa = XCConfigurationList;
			buildConfigurations = (
				6583505B269CB7FF000ACF7A /* Debug */,
				6583505C269CB7FF000ACF7A /* Release */,
			);
			defaultConfigurationIsVisible = 0;
			defaultConfigurationName = Release;
		};
		6583505D269CB7FF000ACF7A /* Build configuration list for PBXNativeTarget "AustinNormanPortfolio" */ = {
			isa = XCConfigurationList;
			buildConfigurations = (
				6583505E269CB7FF000ACF7A /* Debug */,
				6583505F269CB7FF000ACF7A /* Release */,
			);
			defaultConfigurationIsVisible = 0;
			defaultConfigurationName = Release;
		};
/* End XCConfigurationList section */
	};
	rootObject = 65835046269CB7FD000ACF7A /* Project object */;
}
